
Microsoft Visual Studio Solution File, Format Version 12.00
# Visual Studio Version 17
VisualStudioVersion = 17.2.32630.192
MinimumVisualStudioVersion = 10.0.40219.1
Project("{FAE04EC0-301F-11D3-BF4B-00C04F79EFBC}") = "classes dos insetos", "classes dos insetos\classes dos insetos.csproj", "{C5EAB5F5-2178-4498-A769-067FEE379D28}"
EndProject
Global
	GlobalSection(SolutionConfigurationPlatforms) = preSolution
		Debug|Any CPU = Debug|Any CPU
		Release|Any CPU = Release|Any CPU
	EndGlobalSection
	GlobalSection(ProjectConfigurationPlatforms) = postSolution
		{C5EAB5F5-2178-4498-A769-067FEE379D28}.Debug|Any CPU.ActiveCfg = Debug|Any CPU
		{C5EAB5F5-2178-4498-A769-067FEE379D28}.Debug|Any CPU.Build.0 = Debug|Any CPU
		{C5EAB5F5-2178-4498-A769-067FEE379D28}.Release|Any CPU.ActiveCfg = Release|Any CPU
		{C5EAB5F5-2178-4498-A769-067FEE379D28}.Release|Any CPU.Build.0 = Release|Any CPU
	EndGlobalSection
	GlobalSection(SolutionProperties) = preSolution
		HideSolutionNode = FALSE
	EndGlobalSection
	GlobalSection(ExtensibilityGlobals) = postSolution
		SolutionGuid = {48889626-FED3-4211-BC8E-8FAD0A3015BD}
	EndGlobalSection
EndGlobal
